// !$*UTF8*$!
{
	archiveVersion = 1;
	classes = {
	};
	objectVersion = 46;
	objects = {

/* Begin PBXBuildFile section */
		5A1AA1EBB478B4523F1006E2 /* Coord.swift in Sources */ = {isa = PBXBuildFile; fileRef = 5A1AAFD52FB36768E13B6EFE /* Coord.swift */; };
		5A1AA1FB2CC0967CFDBCA49D /* Coords.swift in Sources */ = {isa = PBXBuildFile; fileRef = 5A1AA1A1A2994F48AC1D0352 /* Coords.swift */; };
		5A1AA42FAA0B9F1D911EEE04 /* BaseNavitiaResourceBuilder.swift in Sources */ = {isa = PBXBuildFile; fileRef = 5A1AA9C63AE1527315CAECC8 /* BaseNavitiaResourceBuilder.swift */; };
		5A1AA555D4E41324FFF23AD3 /* CoordsBuilder.swift in Sources */ = {isa = PBXBuildFile; fileRef = 5A1AA1FCBEE69CED59C204B4 /* CoordsBuilder.swift */; };
		5A1AA5EE42A8EE8973183580 /* DisplayInformations.swift in Sources */ = {isa = PBXBuildFile; fileRef = 5A1AA337D6323A8A24158004 /* DisplayInformations.swift */; };
		5A1AAAFD628BADBDB2EFAA91 /* StopPoint.swift in Sources */ = {isa = PBXBuildFile; fileRef = 5A1AAD0F48BFE4FA62214598 /* StopPoint.swift */; };
		5A1AABC43CE482D78B94E555 /* DateTime.swift in Sources */ = {isa = PBXBuildFile; fileRef = 5A1AA1825AC351E908352F78 /* DateTime.swift */; };
		5A1AACF9E5A8F07B24357008 /* StopSchedulesBuilder.swift in Sources */ = {isa = PBXBuildFile; fileRef = 5A1AAA9D183AF809961425D8 /* StopSchedulesBuilder.swift */; };
		5A1AADEC97643CC1346A33F1 /* StopSchedule.swift in Sources */ = {isa = PBXBuildFile; fileRef = 5A1AA82F7378368B7F27E3B4 /* StopSchedule.swift */; };
		5A1AAE581A4AC18B9860DBA3 /* Address.swift in Sources */ = {isa = PBXBuildFile; fileRef = 5A1AA9EEEDB27727BAEF1AD8 /* Address.swift */; };
		FE473EDE1E65C55300FCAD8A /* CoreLocation.framework in Frameworks */ = {isa = PBXBuildFile; fileRef = FE473EDD1E65C55300FCAD8A /* CoreLocation.framework */; };
		FE5DA1701E5F2E5E0069C71E /* AppDelegate.swift in Sources */ = {isa = PBXBuildFile; fileRef = FE5DA16F1E5F2E5E0069C71E /* AppDelegate.swift */; };
		FE5DA1721E5F2E5E0069C71E /* ViewController.swift in Sources */ = {isa = PBXBuildFile; fileRef = FE5DA1711E5F2E5E0069C71E /* ViewController.swift */; };
		FE5DA1751E5F2E5E0069C71E /* Main.storyboard in Resources */ = {isa = PBXBuildFile; fileRef = FE5DA1731E5F2E5E0069C71E /* Main.storyboard */; };
		FE5DA1771E5F2E5E0069C71E /* Assets.xcassets in Resources */ = {isa = PBXBuildFile; fileRef = FE5DA1761E5F2E5E0069C71E /* Assets.xcassets */; };
		FE5DA17A1E5F2E5E0069C71E /* LaunchScreen.storyboard in Resources */ = {isa = PBXBuildFile; fileRef = FE5DA1781E5F2E5E0069C71E /* LaunchScreen.storyboard */; };
		FEF4118B1E698F6D00AFB5E5 /* ColorUtils.swift in Sources */ = {isa = PBXBuildFile; fileRef = FEF411891E698F6D00AFB5E5 /* ColorUtils.swift */; };
		FEF4118C1E698F6D00AFB5E5 /* DateUtils.swift in Sources */ = {isa = PBXBuildFile; fileRef = FEF4118A1E698F6D00AFB5E5 /* DateUtils.swift */; };
/* End PBXBuildFile section */

/* Begin PBXFileReference section */
		5A1AA1825AC351E908352F78 /* DateTime.swift */ = {isa = PBXFileReference; fileEncoding = 4; lastKnownFileType = sourcecode.swift; path = DateTime.swift; sourceTree = "<group>"; };
		5A1AA1A1A2994F48AC1D0352 /* Coords.swift */ = {isa = PBXFileReference; fileEncoding = 4; lastKnownFileType = sourcecode.swift; path = Coords.swift; sourceTree = "<group>"; };
		5A1AA1FCBEE69CED59C204B4 /* CoordsBuilder.swift */ = {isa = PBXFileReference; fileEncoding = 4; lastKnownFileType = sourcecode.swift; path = CoordsBuilder.swift; sourceTree = "<group>"; };
		5A1AA337D6323A8A24158004 /* DisplayInformations.swift */ = {isa = PBXFileReference; fileEncoding = 4; lastKnownFileType = sourcecode.swift; path = DisplayInformations.swift; sourceTree = "<group>"; };
		5A1AA82F7378368B7F27E3B4 /* StopSchedule.swift */ = {isa = PBXFileReference; fileEncoding = 4; lastKnownFileType = sourcecode.swift; path = StopSchedule.swift; sourceTree = "<group>"; };
		5A1AA9C63AE1527315CAECC8 /* BaseNavitiaResourceBuilder.swift */ = {isa = PBXFileReference; fileEncoding = 4; lastKnownFileType = sourcecode.swift; path = BaseNavitiaResourceBuilder.swift; sourceTree = "<group>"; };
		5A1AA9EEEDB27727BAEF1AD8 /* Address.swift */ = {isa = PBXFileReference; fileEncoding = 4; lastKnownFileType = sourcecode.swift; path = Address.swift; sourceTree = "<group>"; };
		5A1AAA9D183AF809961425D8 /* StopSchedulesBuilder.swift */ = {isa = PBXFileReference; fileEncoding = 4; lastKnownFileType = sourcecode.swift; path = StopSchedulesBuilder.swift; sourceTree = "<group>"; };
		5A1AAD0F48BFE4FA62214598 /* StopPoint.swift */ = {isa = PBXFileReference; fileEncoding = 4; lastKnownFileType = sourcecode.swift; path = StopPoint.swift; sourceTree = "<group>"; };
		5A1AAFD52FB36768E13B6EFE /* Coord.swift */ = {isa = PBXFileReference; fileEncoding = 4; lastKnownFileType = sourcecode.swift; path = Coord.swift; sourceTree = "<group>"; };
		FE473EDD1E65C55300FCAD8A /* CoreLocation.framework */ = {isa = PBXFileReference; lastKnownFileType = wrapper.framework; name = CoreLocation.framework; path = System/Library/Frameworks/CoreLocation.framework; sourceTree = SDKROOT; };
		FE5DA16C1E5F2E5E0069C71E /* SimpleAroundMe.app */ = {isa = PBXFileReference; explicitFileType = wrapper.application; includeInIndex = 0; path = SimpleAroundMe.app; sourceTree = BUILT_PRODUCTS_DIR; };
		FE5DA16F1E5F2E5E0069C71E /* AppDelegate.swift */ = {isa = PBXFileReference; lastKnownFileType = sourcecode.swift; path = AppDelegate.swift; sourceTree = "<group>"; };
		FE5DA1711E5F2E5E0069C71E /* ViewController.swift */ = {isa = PBXFileReference; lastKnownFileType = sourcecode.swift; path = ViewController.swift; sourceTree = "<group>"; };
		FE5DA1741E5F2E5E0069C71E /* Base */ = {isa = PBXFileReference; lastKnownFileType = file.storyboard; name = Base; path = Base.lproj/Main.storyboard; sourceTree = "<group>"; };
		FE5DA1761E5F2E5E0069C71E /* Assets.xcassets */ = {isa = PBXFileReference; lastKnownFileType = folder.assetcatalog; path = Assets.xcassets; sourceTree = "<group>"; };
		FE5DA1791E5F2E5E0069C71E /* Base */ = {isa = PBXFileReference; lastKnownFileType = file.storyboard; name = Base; path = Base.lproj/LaunchScreen.storyboard; sourceTree = "<group>"; };
		FE5DA17B1E5F2E5E0069C71E /* Info.plist */ = {isa = PBXFileReference; lastKnownFileType = text.plist.xml; path = Info.plist; sourceTree = "<group>"; };
		FEF411891E698F6D00AFB5E5 /* ColorUtils.swift */ = {isa = PBXFileReference; fileEncoding = 4; lastKnownFileType = sourcecode.swift; name = ColorUtils.swift; path = Common/ColorUtils.swift; sourceTree = "<group>"; };
		FEF4118A1E698F6D00AFB5E5 /* DateUtils.swift */ = {isa = PBXFileReference; fileEncoding = 4; lastKnownFileType = sourcecode.swift; name = DateUtils.swift; path = Common/DateUtils.swift; sourceTree = "<group>"; };
/* End PBXFileReference section */

/* Begin PBXFrameworksBuildPhase section */
		FE5DA1691E5F2E5E0069C71E /* Frameworks */ = {
			isa = PBXFrameworksBuildPhase;
			buildActionMask = 2147483647;
			files = (
				FE473EDE1E65C55300FCAD8A /* CoreLocation.framework in Frameworks */,
			);
			runOnlyForDeploymentPostprocessing = 0;
		};
/* End PBXFrameworksBuildPhase section */

/* Begin PBXGroup section */
		5A1AA0933936D8B93E07FFDC /* Types */ = {
			isa = PBXGroup;
			children = (
				5A1AAFD52FB36768E13B6EFE /* Coord.swift */,
				5A1AA1825AC351E908352F78 /* DateTime.swift */,
			);
			path = Types;
			sourceTree = "<group>";
		};
		5A1AA3590DF2D54EE1E47C34 /* Classes */ = {
			isa = PBXGroup;
			children = (
				5A1AA337D6323A8A24158004 /* DisplayInformations.swift */,
				5A1AAD0F48BFE4FA62214598 /* StopPoint.swift */,
				5A1AA82F7378368B7F27E3B4 /* StopSchedule.swift */,
				5A1AA1A1A2994F48AC1D0352 /* Coords.swift */,
				5A1AA9EEEDB27727BAEF1AD8 /* Address.swift */,
			);
			path = Classes;
			sourceTree = "<group>";
		};
		5A1AA549C3ADE12BC1605812 /* Models */ = {
			isa = PBXGroup;
			children = (
				5A1AA0933936D8B93E07FFDC /* Types */,
				5A1AA3590DF2D54EE1E47C34 /* Classes */,
			);
			path = Models;
			sourceTree = "<group>";
		};
		5A1AA749638D9AE8BF7E5F6E /* Resources */ = {
			isa = PBXGroup;
			children = (
				5A1AAA9D183AF809961425D8 /* StopSchedulesBuilder.swift */,
				5A1AA1FCBEE69CED59C204B4 /* CoordsBuilder.swift */,
				5A1AA9C63AE1527315CAECC8 /* BaseNavitiaResourceBuilder.swift */,
			);
			path = Resources;
			sourceTree = "<group>";
		};
		5A1AABEBA80D8E1743FB54EB /* Navitia */ = {
			isa = PBXGroup;
			children = (
				FEF411881E698F3500AFB5E5 /* Common */,
				5A1AA549C3ADE12BC1605812 /* Models */,
				5A1AA749638D9AE8BF7E5F6E /* Resources */,
			);
			path = Navitia;
			sourceTree = "<group>";
		};
		FE473EDC1E65C55300FCAD8A /* Frameworks */ = {
			isa = PBXGroup;
			children = (
				FE473EDD1E65C55300FCAD8A /* CoreLocation.framework */,
			);
			name = Frameworks;
			sourceTree = "<group>";
		};
		FE5DA1631E5F2E5E0069C71E = {
			isa = PBXGroup;
			children = (
				FE5DA16E1E5F2E5E0069C71E /* SimpleAroundMe */,
				FE5DA16D1E5F2E5E0069C71E /* Products */,
				FE473EDC1E65C55300FCAD8A /* Frameworks */,
			);
			sourceTree = "<group>";
		};
		FE5DA16D1E5F2E5E0069C71E /* Products */ = {
			isa = PBXGroup;
			children = (
				FE5DA16C1E5F2E5E0069C71E /* SimpleAroundMe.app */,
			);
			name = Products;
			sourceTree = "<group>";
		};
		FE5DA16E1E5F2E5E0069C71E /* SimpleAroundMe */ = {
			isa = PBXGroup;
			children = (
				FE5DA16F1E5F2E5E0069C71E /* AppDelegate.swift */,
				FE5DA1711E5F2E5E0069C71E /* ViewController.swift */,
				FE5DA1731E5F2E5E0069C71E /* Main.storyboard */,
				FE5DA1761E5F2E5E0069C71E /* Assets.xcassets */,
				FE5DA1781E5F2E5E0069C71E /* LaunchScreen.storyboard */,
				FE5DA17B1E5F2E5E0069C71E /* Info.plist */,
				5A1AABEBA80D8E1743FB54EB /* Navitia */,
			);
			path = SimpleAroundMe;
			sourceTree = "<group>";
		};
		FEF411881E698F3500AFB5E5 /* Common */ = {
			isa = PBXGroup;
			children = (
				FEF411891E698F6D00AFB5E5 /* ColorUtils.swift */,
				FEF4118A1E698F6D00AFB5E5 /* DateUtils.swift */,
			);
			name = Common;
			sourceTree = "<group>";
		};
/* End PBXGroup section */

/* Begin PBXNativeTarget section */
		FE5DA16B1E5F2E5E0069C71E /* SimpleAroundMe */ = {
			isa = PBXNativeTarget;
			buildConfigurationList = FE5DA17E1E5F2E5E0069C71E /* Build configuration list for PBXNativeTarget "SimpleAroundMe" */;
			buildPhases = (
				FE5DA1681E5F2E5E0069C71E /* Sources */,
				FE5DA1691E5F2E5E0069C71E /* Frameworks */,
				FE5DA16A1E5F2E5E0069C71E /* Resources */,
			);
			buildRules = (
			);
			dependencies = (
			);
			name = SimpleAroundMe;
			productName = SimpleAroundMe;
			productReference = FE5DA16C1E5F2E5E0069C71E /* SimpleAroundMe.app */;
			productType = "com.apple.product-type.application";
		};
/* End PBXNativeTarget section */

/* Begin PBXProject section */
		FE5DA1641E5F2E5E0069C71E /* Project object */ = {
			isa = PBXProject;
			attributes = {
				LastSwiftUpdateCheck = 0810;
				LastUpgradeCheck = 0810;
				ORGANIZATIONNAME = "Chakkra CHAK";
				TargetAttributes = {
					FE5DA16B1E5F2E5E0069C71E = {
						CreatedOnToolsVersion = 8.1;
						DevelopmentTeam = AK7DPF549M;
						ProvisioningStyle = Automatic;
					};
				};
			};
			buildConfigurationList = FE5DA1671E5F2E5E0069C71E /* Build configuration list for PBXProject "SimpleAroundMe" */;
			compatibilityVersion = "Xcode 3.2";
			developmentRegion = English;
			hasScannedForEncodings = 0;
			knownRegions = (
				en,
				Base,
			);
			mainGroup = FE5DA1631E5F2E5E0069C71E;
			productRefGroup = FE5DA16D1E5F2E5E0069C71E /* Products */;
			projectDirPath = "";
			projectRoot = "";
			targets = (
				FE5DA16B1E5F2E5E0069C71E /* SimpleAroundMe */,
			);
		};
/* End PBXProject section */

/* Begin PBXResourcesBuildPhase section */
		FE5DA16A1E5F2E5E0069C71E /* Resources */ = {
			isa = PBXResourcesBuildPhase;
			buildActionMask = 2147483647;
			files = (
				FE5DA17A1E5F2E5E0069C71E /* LaunchScreen.storyboard in Resources */,
				FE5DA1771E5F2E5E0069C71E /* Assets.xcassets in Resources */,
				FE5DA1751E5F2E5E0069C71E /* Main.storyboard in Resources */,
			);
			runOnlyForDeploymentPostprocessing = 0;
		};
/* End PBXResourcesBuildPhase section */

/* Begin PBXSourcesBuildPhase section */
		FE5DA1681E5F2E5E0069C71E /* Sources */ = {
			isa = PBXSourcesBuildPhase;
			buildActionMask = 2147483647;
			files = (
				FEF4118B1E698F6D00AFB5E5 /* ColorUtils.swift in Sources */,
				FE5DA1721E5F2E5E0069C71E /* ViewController.swift in Sources */,
				FE5DA1701E5F2E5E0069C71E /* AppDelegate.swift in Sources */,
				5A1AACF9E5A8F07B24357008 /* StopSchedulesBuilder.swift in Sources */,
				5A1AA555D4E41324FFF23AD3 /* CoordsBuilder.swift in Sources */,
				5A1AA1EBB478B4523F1006E2 /* Coord.swift in Sources */,
				5A1AABC43CE482D78B94E555 /* DateTime.swift in Sources */,
				5A1AA5EE42A8EE8973183580 /* DisplayInformations.swift in Sources */,
				5A1AAAFD628BADBDB2EFAA91 /* StopPoint.swift in Sources */,
				5A1AADEC97643CC1346A33F1 /* StopSchedule.swift in Sources */,
				5A1AA1FB2CC0967CFDBCA49D /* Coords.swift in Sources */,
				FEF4118C1E698F6D00AFB5E5 /* DateUtils.swift in Sources */,
				5A1AAE581A4AC18B9860DBA3 /* Address.swift in Sources */,
				5A1AA42FAA0B9F1D911EEE04 /* BaseNavitiaResourceBuilder.swift in Sources */,
			);
			runOnlyForDeploymentPostprocessing = 0;
		};
/* End PBXSourcesBuildPhase section */

/* Begin PBXVariantGroup section */
		FE5DA1731E5F2E5E0069C71E /* Main.storyboard */ = {
			isa = PBXVariantGroup;
			children = (
				FE5DA1741E5F2E5E0069C71E /* Base */,
			);
			name = Main.storyboard;
			sourceTree = "<group>";
		};
		FE5DA1781E5F2E5E0069C71E /* LaunchScreen.storyboard */ = {
			isa = PBXVariantGroup;
			children = (
				FE5DA1791E5F2E5E0069C71E /* Base */,
			);
			name = LaunchScreen.storyboard;
			sourceTree = "<group>";
		};
/* End PBXVariantGroup section */

/* Begin XCBuildConfiguration section */
		FE5DA17C1E5F2E5E0069C71E /* Debug */ = {
			isa = XCBuildConfiguration;
			buildSettings = {
				ALWAYS_SEARCH_USER_PATHS = NO;
				CLANG_ANALYZER_NONNULL = YES;
				CLANG_CXX_LANGUAGE_STANDARD = "gnu++0x";
				CLANG_CXX_LIBRARY = "libc++";
				CLANG_ENABLE_MODULES = YES;
				CLANG_ENABLE_OBJC_ARC = YES;
				CLANG_WARN_BOOL_CONVERSION = YES;
				CLANG_WARN_CONSTANT_CONVERSION = YES;
				CLANG_WARN_DIRECT_OBJC_ISA_USAGE = YES_ERROR;
				CLANG_WARN_DOCUMENTATION_COMMENTS = YES;
				CLANG_WARN_EMPTY_BODY = YES;
				CLANG_WARN_ENUM_CONVERSION = YES;
				CLANG_WARN_INFINITE_RECURSION = YES;
				CLANG_WARN_INT_CONVERSION = YES;
				CLANG_WARN_OBJC_ROOT_CLASS = YES_ERROR;
				CLANG_WARN_SUSPICIOUS_MOVES = YES;
				CLANG_WARN_UNREACHABLE_CODE = YES;
				CLANG_WARN__DUPLICATE_METHOD_MATCH = YES;
				"CODE_SIGN_IDENTITY[sdk=iphoneos*]" = "iPhone Developer";
				COPY_PHASE_STRIP = NO;
				DEBUG_INFORMATION_FORMAT = dwarf;
				ENABLE_STRICT_OBJC_MSGSEND = YES;
				ENABLE_TESTABILITY = YES;
				GCC_C_LANGUAGE_STANDARD = gnu99;
				GCC_DYNAMIC_NO_PIC = NO;
				GCC_NO_COMMON_BLOCKS = YES;
				GCC_OPTIMIZATION_LEVEL = 0;
				GCC_PREPROCESSOR_DEFINITIONS = (
					"DEBUG=1",
					"$(inherited)",
				);
				GCC_WARN_64_TO_32_BIT_CONVERSION = YES;
				GCC_WARN_ABOUT_RETURN_TYPE = YES_ERROR;
				GCC_WARN_UNDECLARED_SELECTOR = YES;
				GCC_WARN_UNINITIALIZED_AUTOS = YES_AGGRESSIVE;
				GCC_WARN_UNUSED_FUNCTION = YES;
				GCC_WARN_UNUSED_VARIABLE = YES;
				IPHONEOS_DEPLOYMENT_TARGET = 10.1;
				MTL_ENABLE_DEBUG_INFO = YES;
				ONLY_ACTIVE_ARCH = YES;
				SDKROOT = iphoneos;
				SWIFT_ACTIVE_COMPILATION_CONDITIONS = DEBUG;
				SWIFT_OPTIMIZATION_LEVEL = "-Onone";
			};
			name = Debug;
		};
		FE5DA17D1E5F2E5E0069C71E /* Release */ = {
			isa = XCBuildConfiguration;
			buildSettings = {
				ALWAYS_SEARCH_USER_PATHS = NO;
				CLANG_ANALYZER_NONNULL = YES;
				CLANG_CXX_LANGUAGE_STANDARD = "gnu++0x";
				CLANG_CXX_LIBRARY = "libc++";
				CLANG_ENABLE_MODULES = YES;
				CLANG_ENABLE_OBJC_ARC = YES;
				CLANG_WARN_BOOL_CONVERSION = YES;
				CLANG_WARN_CONSTANT_CONVERSION = YES;
				CLANG_WARN_DIRECT_OBJC_ISA_USAGE = YES_ERROR;
				CLANG_WARN_DOCUMENTATION_COMMENTS = YES;
				CLANG_WARN_EMPTY_BODY = YES;
				CLANG_WARN_ENUM_CONVERSION = YES;
				CLANG_WARN_INFINITE_RECURSION = YES;
				CLANG_WARN_INT_CONVERSION = YES;
				CLANG_WARN_OBJC_ROOT_CLASS = YES_ERROR;
				CLANG_WARN_SUSPICIOUS_MOVES = YES;
				CLANG_WARN_UNREACHABLE_CODE = YES;
				CLANG_WARN__DUPLICATE_METHOD_MATCH = YES;
				"CODE_SIGN_IDENTITY[sdk=iphoneos*]" = "iPhone Developer";
				COPY_PHASE_STRIP = NO;
				DEBUG_INFORMATION_FORMAT = "dwarf-with-dsym";
				ENABLE_NS_ASSERTIONS = NO;
				ENABLE_STRICT_OBJC_MSGSEND = YES;
				GCC_C_LANGUAGE_STANDARD = gnu99;
				GCC_NO_COMMON_BLOCKS = YES;
				GCC_WARN_64_TO_32_BIT_CONVERSION = YES;
				GCC_WARN_ABOUT_RETURN_TYPE = YES_ERROR;
				GCC_WARN_UNDECLARED_SELECTOR = YES;
				GCC_WARN_UNINITIALIZED_AUTOS = YES_AGGRESSIVE;
				GCC_WARN_UNUSED_FUNCTION = YES;
				GCC_WARN_UNUSED_VARIABLE = YES;
				IPHONEOS_DEPLOYMENT_TARGET = 10.1;
				MTL_ENABLE_DEBUG_INFO = NO;
				SDKROOT = iphoneos;
				SWIFT_OPTIMIZATION_LEVEL = "-Owholemodule";
				VALIDATE_PRODUCT = YES;
			};
			name = Release;
		};
		FE5DA17F1E5F2E5E0069C71E /* Debug */ = {
			isa = XCBuildConfiguration;
			buildSettings = {
				ASSETCATALOG_COMPILER_APPICON_NAME = AppIcon;
				DEVELOPMENT_TEAM = AK7DPF549M;
				INFOPLIST_FILE = SimpleAroundMe/Info.plist;
				LD_RUNPATH_SEARCH_PATHS = "$(inherited) @executable_path/Frameworks";
				PRODUCT_BUNDLE_IDENTIFIER = fr.canaltp.labs.simplearoundme.SimpleAroundMe;
				PRODUCT_NAME = "$(TARGET_NAME)";
				SWIFT_VERSION = 3.0;
			};
			name = Debug;
		};
		FE5DA1801E5F2E5E0069C71E /* Release */ = {
			isa = XCBuildConfiguration;
			buildSettings = {
				ASSETCATALOG_COMPILER_APPICON_NAME = AppIcon;
				DEVELOPMENT_TEAM = AK7DPF549M;
				INFOPLIST_FILE = SimpleAroundMe/Info.plist;
				LD_RUNPATH_SEARCH_PATHS = "$(inherited) @executable_path/Frameworks";
				PRODUCT_BUNDLE_IDENTIFIER = fr.canaltp.labs.simplearoundme.SimpleAroundMe;
				PRODUCT_NAME = "$(TARGET_NAME)";
				SWIFT_VERSION = 3.0;
			};
			name = Release;
		};
/* End XCBuildConfiguration section */

/* Begin XCConfigurationList section */
		FE5DA1671E5F2E5E0069C71E /* Build configuration list for PBXProject "SimpleAroundMe" */ = {
			isa = XCConfigurationList;
			buildConfigurations = (
				FE5DA17C1E5F2E5E0069C71E /* Debug */,
				FE5DA17D1E5F2E5E0069C71E /* Release */,
			);
			defaultConfigurationIsVisible = 0;
			defaultConfigurationName = Release;
		};
		FE5DA17E1E5F2E5E0069C71E /* Build configuration list for PBXNativeTarget "SimpleAroundMe" */ = {
			isa = XCConfigurationList;
			buildConfigurations = (
				FE5DA17F1E5F2E5E0069C71E /* Debug */,
				FE5DA1801E5F2E5E0069C71E /* Release */,
			);
			defaultConfigurationIsVisible = 0;
			defaultConfigurationName = Release;
		};
/* End XCConfigurationList section */
	};
	rootObject = FE5DA1641E5F2E5E0069C71E /* Project object */;
}
